
Microsoft Visual Studio Solution File, Format Version 12.00
# Visual Studio Version 17
VisualStudioVersion = 17.4.33122.133
MinimumVisualStudioVersion = 10.0.40219.1
Project("{FAE04EC0-301F-11D3-BF4B-00C04F79EFBC}") = "img_save", "img_save\img_save.csproj", "{0B002B64-AD61-40DA-B57F-FB43FE629A5E}"
EndProject
Global
	GlobalSection(SolutionConfigurationPlatforms) = preSolution
		Debug|Any CPU = Debug|Any CPU
		Release|Any CPU = Release|Any CPU
	EndGlobalSection
	GlobalSection(ProjectConfigurationPlatforms) = postSolution
		{0B002B64-AD61-40DA-B57F-FB43FE629A5E}.Debug|Any CPU.ActiveCfg = Debug|Any CPU
		{0B002B64-AD61-40DA-B57F-FB43FE629A5E}.Debug|Any CPU.Build.0 = Debug|Any CPU
		{0B002B64-AD61-40DA-B57F-FB43FE629A5E}.Release|Any CPU.ActiveCfg = Release|Any CPU
		{0B002B64-AD61-40DA-B57F-FB43FE629A5E}.Release|Any CPU.Build.0 = Release|Any CPU
	EndGlobalSection
	GlobalSection(SolutionProperties) = preSolution
		HideSolutionNode = FALSE
	EndGlobalSection
	GlobalSection(ExtensibilityGlobals) = postSolution
		SolutionGuid = {DF6B973F-1CC9-47A4-AF61-1BB23AEE6C1C}
	EndGlobalSection
EndGlobal
